// !$*UTF8*$!
{
	archiveVersion = 1;
	classes = {
	};
	objectVersion = 56;
	objects = {

/* Begin PBXBuildFile section */
		49E397AA4FDAF77D22C57948 /* Pods_IOS_HomeWork_2_swiftUI.framework in Frameworks */ = {isa = PBXBuildFile; fileRef = 1113658124E7C59FAB617CAD /* Pods_IOS_HomeWork_2_swiftUI.framework */; };
		520EC0D22A18EC30004074DE /* Poppins-Medium.ttf in Resources */ = {isa = PBXBuildFile; fileRef = 520EC0CD2A18EC30004074DE /* Poppins-Medium.ttf */; };
		520EC0D32A18EC30004074DE /* Poppins-SemiBold.ttf in Resources */ = {isa = PBXBuildFile; fileRef = 520EC0CE2A18EC30004074DE /* Poppins-SemiBold.ttf */; };
		520EC0D42A18EC30004074DE /* Poppins-Bold.ttf in Resources */ = {isa = PBXBuildFile; fileRef = 520EC0CF2A18EC30004074DE /* Poppins-Bold.ttf */; };
		520EC0D52A18EC30004074DE /* Poppins-Light.ttf in Resources */ = {isa = PBXBuildFile; fileRef = 520EC0D02A18EC30004074DE /* Poppins-Light.ttf */; };
		520EC0D62A18EC30004074DE /* Poppins-Regular.ttf in Resources */ = {isa = PBXBuildFile; fileRef = 520EC0D12A18EC30004074DE /* Poppins-Regular.ttf */; };
		520EC0DA2A191790004074DE /* CustomButtonViewWithImage.swift in Sources */ = {isa = PBXBuildFile; fileRef = 520EC0D92A191790004074DE /* CustomButtonViewWithImage.swift */; };
		520EC0DC2A191DCF004074DE /* CustomTextView.swift in Sources */ = {isa = PBXBuildFile; fileRef = 520EC0DB2A191DCF004074DE /* CustomTextView.swift */; };
		520EC0DE2A1AADCF004074DE /* CustomImageView.swift in Sources */ = {isa = PBXBuildFile; fileRef = 520EC0DD2A1AADCF004074DE /* CustomImageView.swift */; };
		522F18BA2A161E5700558F21 /* SectionBar.swift in Sources */ = {isa = PBXBuildFile; fileRef = 522F18B92A161E5700558F21 /* SectionBar.swift */; };
		522F18BC2A1645FB00558F21 /* Launch Screen.storyboard in Resources */ = {isa = PBXBuildFile; fileRef = 522F18BB2A1645FB00558F21 /* Launch Screen.storyboard */; };
		522F18BE2A16520000558F21 /* LocationViewScreen.swift in Sources */ = {isa = PBXBuildFile; fileRef = 522F18BD2A16520000558F21 /* LocationViewScreen.swift */; };
		522F18C02A1659A300558F21 /* NavBarView.swift in Sources */ = {isa = PBXBuildFile; fileRef = 522F18BF2A1659A300558F21 /* NavBarView.swift */; };
		522F18C42A165B5200558F21 /* FoodHorizontalSelectedView.swift in Sources */ = {isa = PBXBuildFile; fileRef = 522F18C32A165B5200558F21 /* FoodHorizontalSelectedView.swift */; };
		522F18C62A165B9200558F21 /* FoodVerticalSelectView.swift in Sources */ = {isa = PBXBuildFile; fileRef = 522F18C52A165B9200558F21 /* FoodVerticalSelectView.swift */; };
		522F18C92A165C1600558F21 /* Food.swift in Sources */ = {isa = PBXBuildFile; fileRef = 522F18C82A165C1600558F21 /* Food.swift */; };
		528362522A14750100F2E240 /* IOS_HomeWork_2_swiftUIApp.swift in Sources */ = {isa = PBXBuildFile; fileRef = 528362512A14750100F2E240 /* IOS_HomeWork_2_swiftUIApp.swift */; };
		528362542A14750100F2E240 /* MainViewScreen.swift in Sources */ = {isa = PBXBuildFile; fileRef = 528362532A14750100F2E240 /* MainViewScreen.swift */; };
		528362562A14750400F2E240 /* Assets.xcassets in Resources */ = {isa = PBXBuildFile; fileRef = 528362552A14750400F2E240 /* Assets.xcassets */; };
		528362592A14750400F2E240 /* Preview Assets.xcassets in Resources */ = {isa = PBXBuildFile; fileRef = 528362582A14750400F2E240 /* Preview Assets.xcassets */; };
		528362602A15DDA300F2E240 /* CustomTabBar.swift in Sources */ = {isa = PBXBuildFile; fileRef = 5283625F2A15DDA200F2E240 /* CustomTabBar.swift */; };
		529B79962A1F803700AF4D4D /* DetailViewScreen.swift in Sources */ = {isa = PBXBuildFile; fileRef = 529B79952A1F803700AF4D4D /* DetailViewScreen.swift */; };
		529B79992A1F809C00AF4D4D /* ApiManager.swift in Sources */ = {isa = PBXBuildFile; fileRef = 529B79982A1F809C00AF4D4D /* ApiManager.swift */; };
		529B799B2A1F80BC00AF4D4D /* ApiModel.swift in Sources */ = {isa = PBXBuildFile; fileRef = 529B799A2A1F80BC00AF4D4D /* ApiModel.swift */; };
		529B79A02A1F813C00AF4D4D /* ProductVerticalSelectView.swift in Sources */ = {isa = PBXBuildFile; fileRef = 529B799F2A1F813C00AF4D4D /* ProductVerticalSelectView.swift */; };
		529B79A22A1FB00800AF4D4D /* SearchBarView.swift in Sources */ = {isa = PBXBuildFile; fileRef = 529B79A12A1FB00800AF4D4D /* SearchBarView.swift */; };
/* End PBXBuildFile section */

/* Begin PBXFileReference section */
		1113658124E7C59FAB617CAD /* Pods_IOS_HomeWork_2_swiftUI.framework */ = {isa = PBXFileReference; explicitFileType = wrapper.framework; includeInIndex = 0; path = Pods_IOS_HomeWork_2_swiftUI.framework; sourceTree = BUILT_PRODUCTS_DIR; };
		520EC0CD2A18EC30004074DE /* Poppins-Medium.ttf */ = {isa = PBXFileReference; lastKnownFileType = file; path = "Poppins-Medium.ttf"; sourceTree = "<group>"; };
		520EC0CE2A18EC30004074DE /* Poppins-SemiBold.ttf */ = {isa = PBXFileReference; lastKnownFileType = file; path = "Poppins-SemiBold.ttf"; sourceTree = "<group>"; };
		520EC0CF2A18EC30004074DE /* Poppins-Bold.ttf */ = {isa = PBXFileReference; lastKnownFileType = file; path = "Poppins-Bold.ttf"; sourceTree = "<group>"; };
		520EC0D02A18EC30004074DE /* Poppins-Light.ttf */ = {isa = PBXFileReference; lastKnownFileType = file; path = "Poppins-Light.ttf"; sourceTree = "<group>"; };
		520EC0D12A18EC30004074DE /* Poppins-Regular.ttf */ = {isa = PBXFileReference; lastKnownFileType = file; path = "Poppins-Regular.ttf"; sourceTree = "<group>"; };
		520EC0D72A18EC4B004074DE /* Info.plist */ = {isa = PBXFileReference; lastKnownFileType = text.plist; path = Info.plist; sourceTree = "<group>"; };
		520EC0D92A191790004074DE /* CustomButtonViewWithImage.swift */ = {isa = PBXFileReference; lastKnownFileType = sourcecode.swift; path = CustomButtonViewWithImage.swift; sourceTree = "<group>"; };
		520EC0DB2A191DCF004074DE /* CustomTextView.swift */ = {isa = PBXFileReference; lastKnownFileType = sourcecode.swift; path = CustomTextView.swift; sourceTree = "<group>"; };
		520EC0DD2A1AADCF004074DE /* CustomImageView.swift */ = {isa = PBXFileReference; lastKnownFileType = sourcecode.swift; path = CustomImageView.swift; sourceTree = "<group>"; };
		522F18B92A161E5700558F21 /* SectionBar.swift */ = {isa = PBXFileReference; lastKnownFileType = sourcecode.swift; path = SectionBar.swift; sourceTree = "<group>"; };
		522F18BB2A1645FB00558F21 /* Launch Screen.storyboard */ = {isa = PBXFileReference; lastKnownFileType = file.storyboard; path = "Launch Screen.storyboard"; sourceTree = "<group>"; };
		522F18BD2A16520000558F21 /* LocationViewScreen.swift */ = {isa = PBXFileReference; lastKnownFileType = sourcecode.swift; path = LocationViewScreen.swift; sourceTree = "<group>"; };
		522F18BF2A1659A300558F21 /* NavBarView.swift */ = {isa = PBXFileReference; lastKnownFileType = sourcecode.swift; path = NavBarView.swift; sourceTree = "<group>"; };
		522F18C32A165B5200558F21 /* FoodHorizontalSelectedView.swift */ = {isa = PBXFileReference; lastKnownFileType = sourcecode.swift; path = FoodHorizontalSelectedView.swift; sourceTree = "<group>"; };
		522F18C52A165B9200558F21 /* FoodVerticalSelectView.swift */ = {isa = PBXFileReference; lastKnownFileType = sourcecode.swift; path = FoodVerticalSelectView.swift; sourceTree = "<group>"; };
		522F18C82A165C1600558F21 /* Food.swift */ = {isa = PBXFileReference; lastKnownFileType = sourcecode.swift; path = Food.swift; sourceTree = "<group>"; };
		5283624E2A14750100F2E240 /* IOS-HomeWork-2-swiftUI.app */ = {isa = PBXFileReference; explicitFileType = wrapper.application; includeInIndex = 0; path = "IOS-HomeWork-2-swiftUI.app"; sourceTree = BUILT_PRODUCTS_DIR; };
		528362512A14750100F2E240 /* IOS_HomeWork_2_swiftUIApp.swift */ = {isa = PBXFileReference; lastKnownFileType = sourcecode.swift; path = IOS_HomeWork_2_swiftUIApp.swift; sourceTree = "<group>"; };
		528362532A14750100F2E240 /* MainViewScreen.swift */ = {isa = PBXFileReference; lastKnownFileType = sourcecode.swift; path = MainViewScreen.swift; sourceTree = "<group>"; };
		528362552A14750400F2E240 /* Assets.xcassets */ = {isa = PBXFileReference; lastKnownFileType = folder.assetcatalog; path = Assets.xcassets; sourceTree = "<group>"; };
		528362582A14750400F2E240 /* Preview Assets.xcassets */ = {isa = PBXFileReference; lastKnownFileType = folder.assetcatalog; path = "Preview Assets.xcassets"; sourceTree = "<group>"; };
		5283625F2A15DDA200F2E240 /* CustomTabBar.swift */ = {isa = PBXFileReference; lastKnownFileType = sourcecode.swift; path = CustomTabBar.swift; sourceTree = "<group>"; };
		529B79952A1F803700AF4D4D /* DetailViewScreen.swift */ = {isa = PBXFileReference; lastKnownFileType = sourcecode.swift; path = DetailViewScreen.swift; sourceTree = "<group>"; };
		529B79982A1F809C00AF4D4D /* ApiManager.swift */ = {isa = PBXFileReference; fileEncoding = 4; lastKnownFileType = sourcecode.swift; path = ApiManager.swift; sourceTree = "<group>"; };
		529B799A2A1F80BC00AF4D4D /* ApiModel.swift */ = {isa = PBXFileReference; lastKnownFileType = sourcecode.swift; path = ApiModel.swift; sourceTree = "<group>"; };
		529B799F2A1F813C00AF4D4D /* ProductVerticalSelectView.swift */ = {isa = PBXFileReference; fileEncoding = 4; lastKnownFileType = sourcecode.swift; path = ProductVerticalSelectView.swift; sourceTree = "<group>"; };
		529B79A12A1FB00800AF4D4D /* SearchBarView.swift */ = {isa = PBXFileReference; lastKnownFileType = sourcecode.swift; path = SearchBarView.swift; sourceTree = "<group>"; };
		B35BA6490E04A8BA2BC53B76 /* Pods-IOS-HomeWork-2-swiftUI.debug.xcconfig */ = {isa = PBXFileReference; includeInIndex = 1; lastKnownFileType = text.xcconfig; name = "Pods-IOS-HomeWork-2-swiftUI.debug.xcconfig"; path = "Target Support Files/Pods-IOS-HomeWork-2-swiftUI/Pods-IOS-HomeWork-2-swiftUI.debug.xcconfig"; sourceTree = "<group>"; };
		BFA01B9DC0169827E9F2A575 /* Pods-IOS-HomeWork-2-swiftUI.release.xcconfig */ = {isa = PBXFileReference; includeInIndex = 1; lastKnownFileType = text.xcconfig; name = "Pods-IOS-HomeWork-2-swiftUI.release.xcconfig"; path = "Target Support Files/Pods-IOS-HomeWork-2-swiftUI/Pods-IOS-HomeWork-2-swiftUI.release.xcconfig"; sourceTree = "<group>"; };
/* End PBXFileReference section */

/* Begin PBXFrameworksBuildPhase section */
		5283624B2A14750100F2E240 /* Frameworks */ = {
			isa = PBXFrameworksBuildPhase;
			buildActionMask = 2147483647;
			files = (
				49E397AA4FDAF77D22C57948 /* Pods_IOS_HomeWork_2_swiftUI.framework in Frameworks */,
			);
			runOnlyForDeploymentPostprocessing = 0;
		};
/* End PBXFrameworksBuildPhase section */

/* Begin PBXGroup section */
		2D8E7BFC9B5D140F1E190FAA /* Pods */ = {
			isa = PBXGroup;
			children = (
				B35BA6490E04A8BA2BC53B76 /* Pods-IOS-HomeWork-2-swiftUI.debug.xcconfig */,
				BFA01B9DC0169827E9F2A575 /* Pods-IOS-HomeWork-2-swiftUI.release.xcconfig */,
			);
			name = Pods;
			path = Pods;
			sourceTree = "<group>";
		};
		520EC0CC2A18EB91004074DE /* Font */ = {
			isa = PBXGroup;
			children = (
				520EC0CF2A18EC30004074DE /* Poppins-Bold.ttf */,
				520EC0D02A18EC30004074DE /* Poppins-Light.ttf */,
				520EC0CD2A18EC30004074DE /* Poppins-Medium.ttf */,
				520EC0D12A18EC30004074DE /* Poppins-Regular.ttf */,
				520EC0CE2A18EC30004074DE /* Poppins-SemiBold.ttf */,
			);
			path = Font;
			sourceTree = "<group>";
		};
		520EC0D82A19172A004074DE /* DesingSystem */ = {
			isa = PBXGroup;
			children = (
				520EC0D92A191790004074DE /* CustomButtonViewWithImage.swift */,
				520EC0DB2A191DCF004074DE /* CustomTextView.swift */,
				520EC0DD2A1AADCF004074DE /* CustomImageView.swift */,
			);
			path = DesingSystem;
			sourceTree = "<group>";
		};
		522F18C72A165C0600558F21 /* Model */ = {
			isa = PBXGroup;
			children = (
				522F18C82A165C1600558F21 /* Food.swift */,
				529B799A2A1F80BC00AF4D4D /* ApiModel.swift */,
			);
			path = Model;
			sourceTree = "<group>";
		};
		522F18CA2A165C6700558F21 /* View */ = {
			isa = PBXGroup;
			children = (
				522F18BF2A1659A300558F21 /* NavBarView.swift */,
				522F18B92A161E5700558F21 /* SectionBar.swift */,
				5283625F2A15DDA200F2E240 /* CustomTabBar.swift */,
				522F18C32A165B5200558F21 /* FoodHorizontalSelectedView.swift */,
				522F18C52A165B9200558F21 /* FoodVerticalSelectView.swift */,
				529B799F2A1F813C00AF4D4D /* ProductVerticalSelectView.swift */,
				529B79A12A1FB00800AF4D4D /* SearchBarView.swift */,
			);
			path = View;
			sourceTree = "<group>";
		};
		522F18CB2A165D1200558F21 /* Screens */ = {
			isa = PBXGroup;
			children = (
				528362532A14750100F2E240 /* MainViewScreen.swift */,
				522F18BD2A16520000558F21 /* LocationViewScreen.swift */,
				529B79952A1F803700AF4D4D /* DetailViewScreen.swift */,
			);
			path = Screens;
			sourceTree = "<group>";
		};
		528362452A14750100F2E240 = {
			isa = PBXGroup;
			children = (
				528362502A14750100F2E240 /* IOS-HomeWork-2-swiftUI */,
				5283624F2A14750100F2E240 /* Products */,
				2D8E7BFC9B5D140F1E190FAA /* Pods */,
				776FF670A882C28F50020389 /* Frameworks */,
			);
			sourceTree = "<group>";
		};
		5283624F2A14750100F2E240 /* Products */ = {
			isa = PBXGroup;
			children = (
				5283624E2A14750100F2E240 /* IOS-HomeWork-2-swiftUI.app */,
			);
			name = Products;
			sourceTree = "<group>";
		};
		528362502A14750100F2E240 /* IOS-HomeWork-2-swiftUI */ = {
			isa = PBXGroup;
			children = (
				528362512A14750100F2E240 /* IOS_HomeWork_2_swiftUIApp.swift */,
				529B79972A1F808000AF4D4D /* ApiManager */,
				520EC0D82A19172A004074DE /* DesingSystem */,
				520EC0CC2A18EB91004074DE /* Font */,
				522F18C72A165C0600558F21 /* Model */,
				522F18CA2A165C6700558F21 /* View */,
				522F18CB2A165D1200558F21 /* Screens */,
				528362552A14750400F2E240 /* Assets.xcassets */,
				528362572A14750400F2E240 /* Preview Content */,
				522F18BB2A1645FB00558F21 /* Launch Screen.storyboard */,
				520EC0D72A18EC4B004074DE /* Info.plist */,
			);
			path = "IOS-HomeWork-2-swiftUI";
			sourceTree = "<group>";
		};
		528362572A14750400F2E240 /* Preview Content */ = {
			isa = PBXGroup;
			children = (
				528362582A14750400F2E240 /* Preview Assets.xcassets */,
			);
			path = "Preview Content";
			sourceTree = "<group>";
		};
		529B79972A1F808000AF4D4D /* ApiManager */ = {
			isa = PBXGroup;
			children = (
				529B79982A1F809C00AF4D4D /* ApiManager.swift */,
			);
			path = ApiManager;
			sourceTree = "<group>";
		};
		776FF670A882C28F50020389 /* Frameworks */ = {
			isa = PBXGroup;
			children = (
				1113658124E7C59FAB617CAD /* Pods_IOS_HomeWork_2_swiftUI.framework */,
			);
			name = Frameworks;
			sourceTree = "<group>";
		};
/* End PBXGroup section */

/* Begin PBXNativeTarget section */
		5283624D2A14750100F2E240 /* IOS-HomeWork-2-swiftUI */ = {
			isa = PBXNativeTarget;
			buildConfigurationList = 5283625C2A14750400F2E240 /* Build configuration list for PBXNativeTarget "IOS-HomeWork-2-swiftUI" */;
			buildPhases = (
				EFDA4100E6B231B168226C74 /* [CP] Check Pods Manifest.lock */,
				5283624A2A14750100F2E240 /* Sources */,
				5283624B2A14750100F2E240 /* Frameworks */,
				5283624C2A14750100F2E240 /* Resources */,
				6B2190D6D51BA38A2274D155 /* [CP] Embed Pods Frameworks */,
			);
			buildRules = (
			);
			dependencies = (
			);
			name = "IOS-HomeWork-2-swiftUI";
			productName = "IOS-HomeWork-2-swiftUI";
			productReference = 5283624E2A14750100F2E240 /* IOS-HomeWork-2-swiftUI.app */;
			productType = "com.apple.product-type.application";
		};
/* End PBXNativeTarget section */

/* Begin PBXProject section */
		528362462A14750100F2E240 /* Project object */ = {
			isa = PBXProject;
			attributes = {
				BuildIndependentTargetsInParallel = 1;
				LastSwiftUpdateCheck = 1420;
				LastUpgradeCheck = 1420;
				TargetAttributes = {
					5283624D2A14750100F2E240 = {
						CreatedOnToolsVersion = 14.2;
					};
				};
			};
			buildConfigurationList = 528362492A14750100F2E240 /* Build configuration list for PBXProject "IOS-HomeWork-2-swiftUI" */;
			compatibilityVersion = "Xcode 14.0";
			developmentRegion = en;
			hasScannedForEncodings = 0;
			knownRegions = (
				en,
				Base,
			);
			mainGroup = 528362452A14750100F2E240;
			productRefGroup = 5283624F2A14750100F2E240 /* Products */;
			projectDirPath = "";
			projectRoot = "";
			targets = (
				5283624D2A14750100F2E240 /* IOS-HomeWork-2-swiftUI */,
			);
		};
/* End PBXProject section */

/* Begin PBXResourcesBuildPhase section */
		5283624C2A14750100F2E240 /* Resources */ = {
			isa = PBXResourcesBuildPhase;
			buildActionMask = 2147483647;
			files = (
				520EC0D52A18EC30004074DE /* Poppins-Light.ttf in Resources */,
				520EC0D32A18EC30004074DE /* Poppins-SemiBold.ttf in Resources */,
				520EC0D42A18EC30004074DE /* Poppins-Bold.ttf in Resources */,
				522F18BC2A1645FB00558F21 /* Launch Screen.storyboard in Resources */,
				520EC0D22A18EC30004074DE /* Poppins-Medium.ttf in Resources */,
				528362592A14750400F2E240 /* Preview Assets.xcassets in Resources */,
				528362562A14750400F2E240 /* Assets.xcassets in Resources */,
				520EC0D62A18EC30004074DE /* Poppins-Regular.ttf in Resources */,
			);
			runOnlyForDeploymentPostprocessing = 0;
		};
/* End PBXResourcesBuildPhase section */

/* Begin PBXShellScriptBuildPhase section */
		6B2190D6D51BA38A2274D155 /* [CP] Embed Pods Frameworks */ = {
			isa = PBXShellScriptBuildPhase;
			buildActionMask = 2147483647;
			files = (
			);
			inputFileListPaths = (
				"${PODS_ROOT}/Target Support Files/Pods-IOS-HomeWork-2-swiftUI/Pods-IOS-HomeWork-2-swiftUI-frameworks-${CONFIGURATION}-input-files.xcfilelist",
			);
			name = "[CP] Embed Pods Frameworks";
			outputFileListPaths = (
				"${PODS_ROOT}/Target Support Files/Pods-IOS-HomeWork-2-swiftUI/Pods-IOS-HomeWork-2-swiftUI-frameworks-${CONFIGURATION}-output-files.xcfilelist",
			);
			runOnlyForDeploymentPostprocessing = 0;
			shellPath = /bin/sh;
			shellScript = "\"${PODS_ROOT}/Target Support Files/Pods-IOS-HomeWork-2-swiftUI/Pods-IOS-HomeWork-2-swiftUI-frameworks.sh\"\n";
			showEnvVarsInLog = 0;
		};
		EFDA4100E6B231B168226C74 /* [CP] Check Pods Manifest.lock */ = {
			isa = PBXShellScriptBuildPhase;
			buildActionMask = 2147483647;
			files = (
			);
			inputFileListPaths = (
			);
			inputPaths = (
				"${PODS_PODFILE_DIR_PATH}/Podfile.lock",
				"${PODS_ROOT}/Manifest.lock",
			);
			name = "[CP] Check Pods Manifest.lock";
			outputFileListPaths = (
			);
			outputPaths = (
				"$(DERIVED_FILE_DIR)/Pods-IOS-HomeWork-2-swiftUI-checkManifestLockResult.txt",
			);
			runOnlyForDeploymentPostprocessing = 0;
			shellPath = /bin/sh;
			shellScript = "diff \"${PODS_PODFILE_DIR_PATH}/Podfile.lock\" \"${PODS_ROOT}/Manifest.lock\" > /dev/null\nif [ $? != 0 ] ; then\n    # print error to STDERR\n    echo \"error: The sandbox is not in sync with the Podfile.lock. Run 'pod install' or update your CocoaPods installation.\" >&2\n    exit 1\nfi\n# This output is used by Xcode 'outputs' to avoid re-running this script phase.\necho \"SUCCESS\" > \"${SCRIPT_OUTPUT_FILE_0}\"\n";
			showEnvVarsInLog = 0;
		};
/* End PBXShellScriptBuildPhase section */

/* Begin PBXSourcesBuildPhase section */
		5283624A2A14750100F2E240 /* Sources */ = {
			isa = PBXSourcesBuildPhase;
			buildActionMask = 2147483647;
			files = (
				529B79A02A1F813C00AF4D4D /* ProductVerticalSelectView.swift in Sources */,
				528362542A14750100F2E240 /* MainViewScreen.swift in Sources */,
				520EC0DE2A1AADCF004074DE /* CustomImageView.swift in Sources */,
				522F18BA2A161E5700558F21 /* SectionBar.swift in Sources */,
				522F18BE2A16520000558F21 /* LocationViewScreen.swift in Sources */,
				529B799B2A1F80BC00AF4D4D /* ApiModel.swift in Sources */,
				522F18C42A165B5200558F21 /* FoodHorizontalSelectedView.swift in Sources */,
				522F18C62A165B9200558F21 /* FoodVerticalSelectView.swift in Sources */,
				520EC0DC2A191DCF004074DE /* CustomTextView.swift in Sources */,
				522F18C92A165C1600558F21 /* Food.swift in Sources */,
				528362602A15DDA300F2E240 /* CustomTabBar.swift in Sources */,
				520EC0DA2A191790004074DE /* CustomButtonViewWithImage.swift in Sources */,
				529B79992A1F809C00AF4D4D /* ApiManager.swift in Sources */,
				522F18C02A1659A300558F21 /* NavBarView.swift in Sources */,
				528362522A14750100F2E240 /* IOS_HomeWork_2_swiftUIApp.swift in Sources */,
				529B79A22A1FB00800AF4D4D /* SearchBarView.swift in Sources */,
				529B79962A1F803700AF4D4D /* DetailViewScreen.swift in Sources */,
			);
			runOnlyForDeploymentPostprocessing = 0;
		};
/* End PBXSourcesBuildPhase section */

/* Begin XCBuildConfiguration section */
		5283625A2A14750400F2E240 /* Debug */ = {
			isa = XCBuildConfiguration;
			buildSettings = {
				ALWAYS_SEARCH_USER_PATHS = NO;
				CLANG_ANALYZER_NONNULL = YES;
				CLANG_ANALYZER_NUMBER_OBJECT_CONVERSION = YES_AGGRESSIVE;
				CLANG_CXX_LANGUAGE_STANDARD = "gnu++20";
				CLANG_ENABLE_MODULES = YES;
				CLANG_ENABLE_OBJC_ARC = YES;
				CLANG_ENABLE_OBJC_WEAK = YES;
				CLANG_WARN_BLOCK_CAPTURE_AUTORELEASING = YES;
				CLANG_WARN_BOOL_CONVERSION = YES;
				CLANG_WARN_COMMA = YES;
				CLANG_WARN_CONSTANT_CONVERSION = YES;
				CLANG_WARN_DEPRECATED_OBJC_IMPLEMENTATIONS = YES;
				CLANG_WARN_DIRECT_OBJC_ISA_USAGE = YES_ERROR;
				CLANG_WARN_DOCUMENTATION_COMMENTS = YES;
				CLANG_WARN_EMPTY_BODY = YES;
				CLANG_WARN_ENUM_CONVERSION = YES;
				CLANG_WARN_INFINITE_RECURSION = YES;
				CLANG_WARN_INT_CONVERSION = YES;
				CLANG_WARN_NON_LITERAL_NULL_CONVERSION = YES;
				CLANG_WARN_OBJC_IMPLICIT_RETAIN_SELF = YES;
				CLANG_WARN_OBJC_LITERAL_CONVERSION = YES;
				CLANG_WARN_OBJC_ROOT_CLASS = YES_ERROR;
				CLANG_WARN_QUOTED_INCLUDE_IN_FRAMEWORK_HEADER = YES;
				CLANG_WARN_RANGE_LOOP_ANALYSIS = YES;
				CLANG_WARN_STRICT_PROTOTYPES = YES;
				CLANG_WARN_SUSPICIOUS_MOVE = YES;
				CLANG_WARN_UNGUARDED_AVAILABILITY = YES_AGGRESSIVE;
				CLANG_WARN_UNREACHABLE_CODE = YES;
				CLANG_WARN__DUPLICATE_METHOD_MATCH = YES;
				COPY_PHASE_STRIP = NO;
				DEBUG_INFORMATION_FORMAT = dwarf;
				ENABLE_STRICT_OBJC_MSGSEND = YES;
				ENABLE_TESTABILITY = YES;
				GCC_C_LANGUAGE_STANDARD = gnu11;
				GCC_DYNAMIC_NO_PIC = NO;
				GCC_NO_COMMON_BLOCKS = YES;
				GCC_OPTIMIZATION_LEVEL = 0;
				GCC_PREPROCESSOR_DEFINITIONS = (
					"DEBUG=1",
					"$(inherited)",
				);
				GCC_WARN_64_TO_32_BIT_CONVERSION = YES;
				GCC_WARN_ABOUT_RETURN_TYPE = YES_ERROR;
				GCC_WARN_UNDECLARED_SELECTOR = YES;
				GCC_WARN_UNINITIALIZED_AUTOS = YES_AGGRESSIVE;
				GCC_WARN_UNUSED_FUNCTION = YES;
				GCC_WARN_UNUSED_VARIABLE = YES;
				IPHONEOS_DEPLOYMENT_TARGET = 16.2;
				MTL_ENABLE_DEBUG_INFO = INCLUDE_SOURCE;
				MTL_FAST_MATH = YES;
				ONLY_ACTIVE_ARCH = YES;
				SDKROOT = iphoneos;
				SWIFT_ACTIVE_COMPILATION_CONDITIONS = DEBUG;
				SWIFT_OPTIMIZATION_LEVEL = "-Onone";
			};
			name = Debug;
		};
		5283625B2A14750400F2E240 /* Release */ = {
			isa = XCBuildConfiguration;
			buildSettings = {
				ALWAYS_SEARCH_USER_PATHS = NO;
				CLANG_ANALYZER_NONNULL = YES;
				CLANG_ANALYZER_NUMBER_OBJECT_CONVERSION = YES_AGGRESSIVE;
				CLANG_CXX_LANGUAGE_STANDARD = "gnu++20";
				CLANG_ENABLE_MODULES = YES;
				CLANG_ENABLE_OBJC_ARC = YES;
				CLANG_ENABLE_OBJC_WEAK = YES;
				CLANG_WARN_BLOCK_CAPTURE_AUTORELEASING = YES;
				CLANG_WARN_BOOL_CONVERSION = YES;
				CLANG_WARN_COMMA = YES;
				CLANG_WARN_CONSTANT_CONVERSION = YES;
				CLANG_WARN_DEPRECATED_OBJC_IMPLEMENTATIONS = YES;
				CLANG_WARN_DIRECT_OBJC_ISA_USAGE = YES_ERROR;
				CLANG_WARN_DOCUMENTATION_COMMENTS = YES;
				CLANG_WARN_EMPTY_BODY = YES;
				CLANG_WARN_ENUM_CONVERSION = YES;
				CLANG_WARN_INFINITE_RECURSION = YES;
				CLANG_WARN_INT_CONVERSION = YES;
				CLANG_WARN_NON_LITERAL_NULL_CONVERSION = YES;
				CLANG_WARN_OBJC_IMPLICIT_RETAIN_SELF = YES;
				CLANG_WARN_OBJC_LITERAL_CONVERSION = YES;
				CLANG_WARN_OBJC_ROOT_CLASS = YES_ERROR;
				CLANG_WARN_QUOTED_INCLUDE_IN_FRAMEWORK_HEADER = YES;
				CLANG_WARN_RANGE_LOOP_ANALYSIS = YES;
				CLANG_WARN_STRICT_PROTOTYPES = YES;
				CLANG_WARN_SUSPICIOUS_MOVE = YES;
				CLANG_WARN_UNGUARDED_AVAILABILITY = YES_AGGRESSIVE;
				CLANG_WARN_UNREACHABLE_CODE = YES;
				CLANG_WARN__DUPLICATE_METHOD_MATCH = YES;
				COPY_PHASE_STRIP = NO;
				DEBUG_INFORMATION_FORMAT = "dwarf-with-dsym";
				ENABLE_NS_ASSERTIONS = NO;
				ENABLE_STRICT_OBJC_MSGSEND = YES;
				GCC_C_LANGUAGE_STANDARD = gnu11;
				GCC_NO_COMMON_BLOCKS = YES;
				GCC_WARN_64_TO_32_BIT_CONVERSION = YES;
				GCC_WARN_ABOUT_RETURN_TYPE = YES_ERROR;
				GCC_WARN_UNDECLARED_SELECTOR = YES;
				GCC_WARN_UNINITIALIZED_AUTOS = YES_AGGRESSIVE;
				GCC_WARN_UNUSED_FUNCTION = YES;
				GCC_WARN_UNUSED_VARIABLE = YES;
				IPHONEOS_DEPLOYMENT_TARGET = 16.2;
				MTL_ENABLE_DEBUG_INFO = NO;
				MTL_FAST_MATH = YES;
				SDKROOT = iphoneos;
				SWIFT_COMPILATION_MODE = wholemodule;
				SWIFT_OPTIMIZATION_LEVEL = "-O";
				VALIDATE_PRODUCT = YES;
			};
			name = Release;
		};
		5283625D2A14750400F2E240 /* Debug */ = {
			isa = XCBuildConfiguration;
			baseConfigurationReference = B35BA6490E04A8BA2BC53B76 /* Pods-IOS-HomeWork-2-swiftUI.debug.xcconfig */;
			buildSettings = {
				ASSETCATALOG_COMPILER_APPICON_NAME = AppIcon;
				ASSETCATALOG_COMPILER_GLOBAL_ACCENT_COLOR_NAME = AccentColor;
				CODE_SIGN_STYLE = Automatic;
				CURRENT_PROJECT_VERSION = 1;
				DEVELOPMENT_ASSET_PATHS = "\"IOS-HomeWork-2-swiftUI/Preview Content\"";
				DEVELOPMENT_TEAM = F7W7R66652;
				ENABLE_PREVIEWS = YES;
				GENERATE_INFOPLIST_FILE = YES;
				INFOPLIST_FILE = "IOS-HomeWork-2-swiftUI/Info.plist";
				INFOPLIST_KEY_UIApplicationSceneManifest_Generation = YES;
				INFOPLIST_KEY_UIApplicationSupportsIndirectInputEvents = YES;
				INFOPLIST_KEY_UILaunchScreen_Generation = YES;
				INFOPLIST_KEY_UILaunchStoryboardName = "Launch Screen.storyboard";
				INFOPLIST_KEY_UISupportedInterfaceOrientations_iPad = "UIInterfaceOrientationPortrait UIInterfaceOrientationPortraitUpsideDown UIInterfaceOrientationLandscapeLeft UIInterfaceOrientationLandscapeRight";
				INFOPLIST_KEY_UISupportedInterfaceOrientations_iPhone = "UIInterfaceOrientationPortrait UIInterfaceOrientationLandscapeLeft UIInterfaceOrientationLandscapeRight";
				LD_RUNPATH_SEARCH_PATHS = (
					"$(inherited)",
					"@executable_path/Frameworks",
				);
				MARKETING_VERSION = 1.0;
				PRODUCT_BUNDLE_IDENTIFIER = "Com.ERACompany.IOS-HomeWork-2-swiftUI";
				PRODUCT_NAME = "$(TARGET_NAME)";
				SWIFT_EMIT_LOC_STRINGS = YES;
				SWIFT_VERSION = 5.0;
				TARGETED_DEVICE_FAMILY = "1,2";
			};
			name = Debug;
		};
		5283625E2A14750400F2E240 /* Release */ = {
			isa = XCBuildConfiguration;
			baseConfigurationReference = BFA01B9DC0169827E9F2A575 /* Pods-IOS-HomeWork-2-swiftUI.release.xcconfig */;
			buildSettings = {
				ASSETCATALOG_COMPILER_APPICON_NAME = AppIcon;
				ASSETCATALOG_COMPILER_GLOBAL_ACCENT_COLOR_NAME = AccentColor;
				CODE_SIGN_STYLE = Automatic;
				CURRENT_PROJECT_VERSION = 1;
				DEVELOPMENT_ASSET_PATHS = "\"IOS-HomeWork-2-swiftUI/Preview Content\"";
				DEVELOPMENT_TEAM = F7W7R66652;
				ENABLE_PREVIEWS = YES;
				GENERATE_INFOPLIST_FILE = YES;
				INFOPLIST_FILE = "IOS-HomeWork-2-swiftUI/Info.plist";
				INFOPLIST_KEY_UIApplicationSceneManifest_Generation = YES;
				INFOPLIST_KEY_UIApplicationSupportsIndirectInputEvents = YES;
				INFOPLIST_KEY_UILaunchScreen_Generation = YES;
				INFOPLIST_KEY_UILaunchStoryboardName = "Launch Screen.storyboard";
				INFOPLIST_KEY_UISupportedInterfaceOrientations_iPad = "UIInterfaceOrientationPortrait UIInterfaceOrientationPortraitUpsideDown UIInterfaceOrientationLandscapeLeft UIInterfaceOrientationLandscapeRight";
				INFOPLIST_KEY_UISupportedInterfaceOrientations_iPhone = "UIInterfaceOrientationPortrait UIInterfaceOrientationLandscapeLeft UIInterfaceOrientationLandscapeRight";
				LD_RUNPATH_SEARCH_PATHS = (
					"$(inherited)",
					"@executable_path/Frameworks",
				);
				MARKETING_VERSION = 1.0;
				PRODUCT_BUNDLE_IDENTIFIER = "Com.ERACompany.IOS-HomeWork-2-swiftUI";
				PRODUCT_NAME = "$(TARGET_NAME)";
				SWIFT_EMIT_LOC_STRINGS = YES;
				SWIFT_VERSION = 5.0;
				TARGETED_DEVICE_FAMILY = "1,2";
			};
			name = Release;
		};
/* End XCBuildConfiguration section */

/* Begin XCConfigurationList section */
		528362492A14750100F2E240 /* Build configuration list for PBXProject "IOS-HomeWork-2-swiftUI" */ = {
			isa = XCConfigurationList;
			buildConfigurations = (
				5283625A2A14750400F2E240 /* Debug */,
				5283625B2A14750400F2E240 /* Release */,
			);
			defaultConfigurationIsVisible = 0;
			defaultConfigurationName = Release;
		};
		5283625C2A14750400F2E240 /* Build configuration list for PBXNativeTarget "IOS-HomeWork-2-swiftUI" */ = {
			isa = XCConfigurationList;
			buildConfigurations = (
				5283625D2A14750400F2E240 /* Debug */,
				5283625E2A14750400F2E240 /* Release */,
			);
			defaultConfigurationIsVisible = 0;
			defaultConfigurationName = Release;
		};
/* End XCConfigurationList section */
	};
	rootObject = 528362462A14750100F2E240 /* Project object */;
}
